
Microsoft Visual Studio Solution File, Format Version 12.00
# Visual Studio Version 17
VisualStudioVersion = 17.8.34525.116
MinimumVisualStudioVersion = 10.0.40219.1
Project("{FAE04EC0-301F-11D3-BF4B-00C04F79EFBC}") = "OSBT Std Management", "OSBT Std Management\OSBT Std Management.csproj", "{17ABA8D1-33BE-4896-9BE0-41597527020A}"
EndProject
Global
	GlobalSection(SolutionConfigurationPlatforms) = preSolution
		Debug|Any CPU = Debug|Any CPU
		Release|Any CPU = Release|Any CPU
	EndGlobalSection
	GlobalSection(ProjectConfigurationPlatforms) = postSolution
		{17ABA8D1-33BE-4896-9BE0-41597527020A}.Debug|Any CPU.ActiveCfg = Debug|Any CPU
		{17ABA8D1-33BE-4896-9BE0-41597527020A}.Debug|Any CPU.Build.0 = Debug|Any CPU
		{17ABA8D1-33BE-4896-9BE0-41597527020A}.Release|Any CPU.ActiveCfg = Release|Any CPU
		{17ABA8D1-33BE-4896-9BE0-41597527020A}.Release|Any CPU.Build.0 = Release|Any CPU
	EndGlobalSection
	GlobalSection(SolutionProperties) = preSolution
		HideSolutionNode = FALSE
	EndGlobalSection
	GlobalSection(ExtensibilityGlobals) = postSolution
		SolutionGuid = {66865AE2-7A2A-4CD0-B54B-7358934796F5}
	EndGlobalSection
EndGlobal
